
Microsoft Visual Studio Solution File, Format Version 12.00
# Visual Studio Version 17
VisualStudioVersion = 17.3.32611.2
MinimumVisualStudioVersion = 10.0.40219.1
Project("{FAE04EC0-301F-11D3-BF4B-00C04F79EFBC}") = "GitHubProj_02", "GitHubProj_02\GitHubProj_02.csproj", "{BAD6BA04-70FC-445D-8819-52DE62EC1C36}"
EndProject
Global
	GlobalSection(SolutionConfigurationPlatforms) = preSolution
		Debug|Any CPU = Debug|Any CPU
		Release|Any CPU = Release|Any CPU
	EndGlobalSection
	GlobalSection(ProjectConfigurationPlatforms) = postSolution
		{BAD6BA04-70FC-445D-8819-52DE62EC1C36}.Debug|Any CPU.ActiveCfg = Debug|Any CPU
		{BAD6BA04-70FC-445D-8819-52DE62EC1C36}.Debug|Any CPU.Build.0 = Debug|Any CPU
		{BAD6BA04-70FC-445D-8819-52DE62EC1C36}.Release|Any CPU.ActiveCfg = Release|Any CPU
		{BAD6BA04-70FC-445D-8819-52DE62EC1C36}.Release|Any CPU.Build.0 = Release|Any CPU
	EndGlobalSection
	GlobalSection(SolutionProperties) = preSolution
		HideSolutionNode = FALSE
	EndGlobalSection
	GlobalSection(ExtensibilityGlobals) = postSolution
		SolutionGuid = {67CD1465-CB04-4A7D-8D29-8A2D57A6D8EB}
	EndGlobalSection
EndGlobal
